// !$*UTF8*$!
{
	archiveVersion = 1;
	classes = {
	};
	objectVersion = 55;
	objects = {

/* Begin PBXBuildFile section */
		FA49DDCB2B2897FA00A26EED /* NetworkManager.swift in Sources */ = {isa = PBXBuildFile; fileRef = FA49DDCA2B2897FA00A26EED /* NetworkManager.swift */; };
		FA89096D2B2E23C60063B0DD /* SuggestionHotelsCollectionViewCell.swift in Sources */ = {isa = PBXBuildFile; fileRef = FA89096C2B2E23C60063B0DD /* SuggestionHotelsCollectionViewCell.swift */; };
		FA9ADA492B2AF607002047D4 /* UIColor+Ext.swift in Sources */ = {isa = PBXBuildFile; fileRef = FA9ADA482B2AF607002047D4 /* UIColor+Ext.swift */; };
		FA9ADA4B2B2AF9BC002047D4 /* UIView+Ext.swift in Sources */ = {isa = PBXBuildFile; fileRef = FA9ADA4A2B2AF9BC002047D4 /* UIView+Ext.swift */; };
		FABEE20D2B6C096B0063F18F /* GFSearchBar.swift in Sources */ = {isa = PBXBuildFile; fileRef = FABEE20C2B6C096B0063F18F /* GFSearchBar.swift */; };
		FABEE2112B6C0C1D0063F18F /* GFTextField.swift in Sources */ = {isa = PBXBuildFile; fileRef = FABEE2102B6C0C1D0063F18F /* GFTextField.swift */; };
		FABEE2142B6C0D300063F18F /* GFDatePicker.swift in Sources */ = {isa = PBXBuildFile; fileRef = FABEE2132B6C0D300063F18F /* GFDatePicker.swift */; };
		FABEE2172B6C0E490063F18F /* GFButton.swift in Sources */ = {isa = PBXBuildFile; fileRef = FABEE2162B6C0E490063F18F /* GFButton.swift */; };
		FABEE21A2B6C0FA10063F18F /* GFTitleLabel.swift in Sources */ = {isa = PBXBuildFile; fileRef = FABEE2192B6C0FA10063F18F /* GFTitleLabel.swift */; };
		FABEE21C2B6C141D0063F18F /* Deleted-Files.swift in Sources */ = {isa = PBXBuildFile; fileRef = FABEE21B2B6C141D0063F18F /* Deleted-Files.swift */; };
		FABEE2212B6C3B470063F18F /* GFSubtitle.swift in Sources */ = {isa = PBXBuildFile; fileRef = FABEE2202B6C3B470063F18F /* GFSubtitle.swift */; };
		FABEE2252B6C422E0063F18F /* GFImageView.swift in Sources */ = {isa = PBXBuildFile; fileRef = FABEE2242B6C422E0063F18F /* GFImageView.swift */; };
		FABEE2272B6C49010063F18F /* GFAlert.swift in Sources */ = {isa = PBXBuildFile; fileRef = FABEE2262B6C49010063F18F /* GFAlert.swift */; };
		FABEE22A2B6C49730063F18F /* GFContainerView.swift in Sources */ = {isa = PBXBuildFile; fileRef = FABEE2292B6C49730063F18F /* GFContainerView.swift */; };
		FABEE22C2B6C4A260063F18F /* GFBodyLabel.swift in Sources */ = {isa = PBXBuildFile; fileRef = FABEE22B2B6C4A260063F18F /* GFBodyLabel.swift */; };
		FABEE22E2B6C4EDF0063F18F /* UIViewController+Ext.swift in Sources */ = {isa = PBXBuildFile; fileRef = FABEE22D2B6C4EDF0063F18F /* UIViewController+Ext.swift */; };
		FACDC11F2B2CEE4700A87564 /* LocationsCollectionViewCell.swift in Sources */ = {isa = PBXBuildFile; fileRef = FACDC11E2B2CEE4700A87564 /* LocationsCollectionViewCell.swift */; };
		FAE0B3AB2B303C71003AB6EE /* SearchViewController.swift in Sources */ = {isa = PBXBuildFile; fileRef = FAE0B3AA2B303C71003AB6EE /* SearchViewController.swift */; };
		FAE0B3AD2B303C88003AB6EE /* SearchViewModel.swift in Sources */ = {isa = PBXBuildFile; fileRef = FAE0B3AC2B303C88003AB6EE /* SearchViewModel.swift */; };
		FAF4B9D02B2869D100DB31A1 /* AppDelegate.swift in Sources */ = {isa = PBXBuildFile; fileRef = FAF4B9CF2B2869D100DB31A1 /* AppDelegate.swift */; };
		FAF4B9D22B2869D100DB31A1 /* SceneDelegate.swift in Sources */ = {isa = PBXBuildFile; fileRef = FAF4B9D12B2869D100DB31A1 /* SceneDelegate.swift */; };
		FAF4B9D42B2869D100DB31A1 /* HomeViewController.swift in Sources */ = {isa = PBXBuildFile; fileRef = FAF4B9D32B2869D100DB31A1 /* HomeViewController.swift */; };
		FAF4B9D92B2869D600DB31A1 /* Assets.xcassets in Resources */ = {isa = PBXBuildFile; fileRef = FAF4B9D82B2869D600DB31A1 /* Assets.xcassets */; };
		FAF4B9DC2B2869D600DB31A1 /* LaunchScreen.storyboard in Resources */ = {isa = PBXBuildFile; fileRef = FAF4B9DA2B2869D600DB31A1 /* LaunchScreen.storyboard */; };
		FAF4B9E52B2871BB00DB31A1 /* SDWebImage in Frameworks */ = {isa = PBXBuildFile; productRef = FAF4B9E42B2871BB00DB31A1 /* SDWebImage */; };
		FAF4B9EE2B2875BE00DB31A1 /* HomeViewModel.swift in Sources */ = {isa = PBXBuildFile; fileRef = FAF4B9ED2B2875BE00DB31A1 /* HomeViewModel.swift */; };
/* End PBXBuildFile section */

/* Begin PBXFileReference section */
		FA49DDCA2B2897FA00A26EED /* NetworkManager.swift */ = {isa = PBXFileReference; lastKnownFileType = sourcecode.swift; path = NetworkManager.swift; sourceTree = "<group>"; };
		FA89096C2B2E23C60063B0DD /* SuggestionHotelsCollectionViewCell.swift */ = {isa = PBXFileReference; lastKnownFileType = sourcecode.swift; path = SuggestionHotelsCollectionViewCell.swift; sourceTree = "<group>"; };
		FA9ADA482B2AF607002047D4 /* UIColor+Ext.swift */ = {isa = PBXFileReference; lastKnownFileType = sourcecode.swift; path = "UIColor+Ext.swift"; sourceTree = "<group>"; };
		FA9ADA4A2B2AF9BC002047D4 /* UIView+Ext.swift */ = {isa = PBXFileReference; lastKnownFileType = sourcecode.swift; path = "UIView+Ext.swift"; sourceTree = "<group>"; };
		FABEE20C2B6C096B0063F18F /* GFSearchBar.swift */ = {isa = PBXFileReference; lastKnownFileType = sourcecode.swift; path = GFSearchBar.swift; sourceTree = "<group>"; };
		FABEE2102B6C0C1D0063F18F /* GFTextField.swift */ = {isa = PBXFileReference; lastKnownFileType = sourcecode.swift; path = GFTextField.swift; sourceTree = "<group>"; };
		FABEE2132B6C0D300063F18F /* GFDatePicker.swift */ = {isa = PBXFileReference; lastKnownFileType = sourcecode.swift; path = GFDatePicker.swift; sourceTree = "<group>"; };
		FABEE2162B6C0E490063F18F /* GFButton.swift */ = {isa = PBXFileReference; lastKnownFileType = sourcecode.swift; path = GFButton.swift; sourceTree = "<group>"; };
		FABEE2192B6C0FA10063F18F /* GFTitleLabel.swift */ = {isa = PBXFileReference; lastKnownFileType = sourcecode.swift; path = GFTitleLabel.swift; sourceTree = "<group>"; };
		FABEE21B2B6C141D0063F18F /* Deleted-Files.swift */ = {isa = PBXFileReference; lastKnownFileType = sourcecode.swift; path = "Deleted-Files.swift"; sourceTree = "<group>"; };
		FABEE2202B6C3B470063F18F /* GFSubtitle.swift */ = {isa = PBXFileReference; lastKnownFileType = sourcecode.swift; path = GFSubtitle.swift; sourceTree = "<group>"; };
		FABEE2242B6C422E0063F18F /* GFImageView.swift */ = {isa = PBXFileReference; lastKnownFileType = sourcecode.swift; path = GFImageView.swift; sourceTree = "<group>"; };
		FABEE2262B6C49010063F18F /* GFAlert.swift */ = {isa = PBXFileReference; lastKnownFileType = sourcecode.swift; path = GFAlert.swift; sourceTree = "<group>"; };
		FABEE2292B6C49730063F18F /* GFContainerView.swift */ = {isa = PBXFileReference; lastKnownFileType = sourcecode.swift; path = GFContainerView.swift; sourceTree = "<group>"; };
		FABEE22B2B6C4A260063F18F /* GFBodyLabel.swift */ = {isa = PBXFileReference; lastKnownFileType = sourcecode.swift; path = GFBodyLabel.swift; sourceTree = "<group>"; };
		FABEE22D2B6C4EDF0063F18F /* UIViewController+Ext.swift */ = {isa = PBXFileReference; lastKnownFileType = sourcecode.swift; path = "UIViewController+Ext.swift"; sourceTree = "<group>"; };
		FACDC11E2B2CEE4700A87564 /* LocationsCollectionViewCell.swift */ = {isa = PBXFileReference; lastKnownFileType = sourcecode.swift; path = LocationsCollectionViewCell.swift; sourceTree = "<group>"; };
		FAE0B3AA2B303C71003AB6EE /* SearchViewController.swift */ = {isa = PBXFileReference; lastKnownFileType = sourcecode.swift; path = SearchViewController.swift; sourceTree = "<group>"; };
		FAE0B3AC2B303C88003AB6EE /* SearchViewModel.swift */ = {isa = PBXFileReference; lastKnownFileType = sourcecode.swift; path = SearchViewModel.swift; sourceTree = "<group>"; };
		FAF4B9CC2B2869D100DB31A1 /* HolidayBooking.app */ = {isa = PBXFileReference; explicitFileType = wrapper.application; includeInIndex = 0; path = HolidayBooking.app; sourceTree = BUILT_PRODUCTS_DIR; };
		FAF4B9CF2B2869D100DB31A1 /* AppDelegate.swift */ = {isa = PBXFileReference; lastKnownFileType = sourcecode.swift; path = AppDelegate.swift; sourceTree = "<group>"; };
		FAF4B9D12B2869D100DB31A1 /* SceneDelegate.swift */ = {isa = PBXFileReference; lastKnownFileType = sourcecode.swift; path = SceneDelegate.swift; sourceTree = "<group>"; };
		FAF4B9D32B2869D100DB31A1 /* HomeViewController.swift */ = {isa = PBXFileReference; lastKnownFileType = sourcecode.swift; path = HomeViewController.swift; sourceTree = "<group>"; };
		FAF4B9D82B2869D600DB31A1 /* Assets.xcassets */ = {isa = PBXFileReference; lastKnownFileType = folder.assetcatalog; path = Assets.xcassets; sourceTree = "<group>"; };
		FAF4B9DB2B2869D600DB31A1 /* Base */ = {isa = PBXFileReference; lastKnownFileType = file.storyboard; name = Base; path = Base.lproj/LaunchScreen.storyboard; sourceTree = "<group>"; };
		FAF4B9DD2B2869D600DB31A1 /* Info.plist */ = {isa = PBXFileReference; lastKnownFileType = text.plist.xml; path = Info.plist; sourceTree = "<group>"; };
		FAF4B9ED2B2875BE00DB31A1 /* HomeViewModel.swift */ = {isa = PBXFileReference; lastKnownFileType = sourcecode.swift; path = HomeViewModel.swift; sourceTree = "<group>"; };
/* End PBXFileReference section */

/* Begin PBXFrameworksBuildPhase section */
		FAF4B9C92B2869D100DB31A1 /* Frameworks */ = {
			isa = PBXFrameworksBuildPhase;
			buildActionMask = 2147483647;
			files = (
				FAF4B9E52B2871BB00DB31A1 /* SDWebImage in Frameworks */,
			);
			runOnlyForDeploymentPostprocessing = 0;
		};
/* End PBXFrameworksBuildPhase section */

/* Begin PBXGroup section */
		FA49DDC92B2897C500A26EED /* Model */ = {
			isa = PBXGroup;
			children = (
			);
			path = Model;
			sourceTree = "<group>";
		};
		FA9ADA462B2AEF2E002047D4 /* Controller */ = {
			isa = PBXGroup;
			children = (
				FAF4B9D32B2869D100DB31A1 /* HomeViewController.swift */,
				FAE0B3AA2B303C71003AB6EE /* SearchViewController.swift */,
			);
			path = Controller;
			sourceTree = "<group>";
		};
		FA9ADA472B2AF5EF002047D4 /* Extensions */ = {
			isa = PBXGroup;
			children = (
				FA9ADA482B2AF607002047D4 /* UIColor+Ext.swift */,
				FA9ADA4A2B2AF9BC002047D4 /* UIView+Ext.swift */,
				FABEE22D2B6C4EDF0063F18F /* UIViewController+Ext.swift */,
			);
			path = Extensions;
			sourceTree = "<group>";
		};
		FABEE20B2B6C091C0063F18F /* CustomViews */ = {
			isa = PBXGroup;
			children = (
				FABEE2282B6C49490063F18F /* Alerts */,
				FABEE2232B6C421C0063F18F /* ImageViews */,
				FABEE2182B6C0F8D0063F18F /* Labels */,
				FABEE2152B6C0E3C0063F18F /* Buttons */,
				FABEE2122B6C0D1D0063F18F /* DatePickers */,
				FABEE20F2B6C0BCF0063F18F /* TextFields */,
				FABEE20E2B6C09920063F18F /* SearchBars */,
				FABEE21B2B6C141D0063F18F /* Deleted-Files.swift */,
			);
			path = CustomViews;
			sourceTree = "<group>";
		};
		FABEE20E2B6C09920063F18F /* SearchBars */ = {
			isa = PBXGroup;
			children = (
				FABEE20C2B6C096B0063F18F /* GFSearchBar.swift */,
			);
			path = SearchBars;
			sourceTree = "<group>";
		};
		FABEE20F2B6C0BCF0063F18F /* TextFields */ = {
			isa = PBXGroup;
			children = (
				FABEE2102B6C0C1D0063F18F /* GFTextField.swift */,
			);
			path = TextFields;
			sourceTree = "<group>";
		};
		FABEE2122B6C0D1D0063F18F /* DatePickers */ = {
			isa = PBXGroup;
			children = (
				FABEE2132B6C0D300063F18F /* GFDatePicker.swift */,
			);
			path = DatePickers;
			sourceTree = "<group>";
		};
		FABEE2152B6C0E3C0063F18F /* Buttons */ = {
			isa = PBXGroup;
			children = (
				FABEE2162B6C0E490063F18F /* GFButton.swift */,
			);
			path = Buttons;
			sourceTree = "<group>";
		};
		FABEE2182B6C0F8D0063F18F /* Labels */ = {
			isa = PBXGroup;
			children = (
				FABEE2192B6C0FA10063F18F /* GFTitleLabel.swift */,
				FABEE2202B6C3B470063F18F /* GFSubtitle.swift */,
				FABEE22B2B6C4A260063F18F /* GFBodyLabel.swift */,
			);
			path = Labels;
			sourceTree = "<group>";
		};
		FABEE2232B6C421C0063F18F /* ImageViews */ = {
			isa = PBXGroup;
			children = (
				FABEE2242B6C422E0063F18F /* GFImageView.swift */,
			);
			path = ImageViews;
			sourceTree = "<group>";
		};
		FABEE2282B6C49490063F18F /* Alerts */ = {
			isa = PBXGroup;
			children = (
				FABEE2262B6C49010063F18F /* GFAlert.swift */,
				FABEE2292B6C49730063F18F /* GFContainerView.swift */,
			);
			path = Alerts;
			sourceTree = "<group>";
		};
		FAF4B9C32B2869D100DB31A1 = {
			isa = PBXGroup;
			children = (
				FAF4B9CE2B2869D100DB31A1 /* HolidayBooking */,
				FAF4B9CD2B2869D100DB31A1 /* Products */,
			);
			sourceTree = "<group>";
		};
		FAF4B9CD2B2869D100DB31A1 /* Products */ = {
			isa = PBXGroup;
			children = (
				FAF4B9CC2B2869D100DB31A1 /* HolidayBooking.app */,
			);
			name = Products;
			sourceTree = "<group>";
		};
		FAF4B9CE2B2869D100DB31A1 /* HolidayBooking */ = {
			isa = PBXGroup;
			children = (
				FABEE20B2B6C091C0063F18F /* CustomViews */,
				FA9ADA472B2AF5EF002047D4 /* Extensions */,
				FA49DDC92B2897C500A26EED /* Model */,
				FAF4B9EA2B28739F00DB31A1 /* Services */,
				FAF4B9E72B28729000DB31A1 /* Core */,
				FAF4B9CF2B2869D100DB31A1 /* AppDelegate.swift */,
				FAF4B9D12B2869D100DB31A1 /* SceneDelegate.swift */,
				FAF4B9D82B2869D600DB31A1 /* Assets.xcassets */,
				FAF4B9DA2B2869D600DB31A1 /* LaunchScreen.storyboard */,
				FAF4B9DD2B2869D600DB31A1 /* Info.plist */,
			);
			path = HolidayBooking;
			sourceTree = "<group>";
		};
		FAF4B9E72B28729000DB31A1 /* Core */ = {
			isa = PBXGroup;
			children = (
				FA9ADA462B2AEF2E002047D4 /* Controller */,
				FAF4B9EC2B28748800DB31A1 /* View */,
				FAF4B9EB2B2873AB00DB31A1 /* ViewModel */,
			);
			path = Core;
			sourceTree = "<group>";
		};
		FAF4B9EA2B28739F00DB31A1 /* Services */ = {
			isa = PBXGroup;
			children = (
				FA49DDCA2B2897FA00A26EED /* NetworkManager.swift */,
			);
			path = Services;
			sourceTree = "<group>";
		};
		FAF4B9EB2B2873AB00DB31A1 /* ViewModel */ = {
			isa = PBXGroup;
			children = (
				FAF4B9ED2B2875BE00DB31A1 /* HomeViewModel.swift */,
				FAE0B3AC2B303C88003AB6EE /* SearchViewModel.swift */,
			);
			path = ViewModel;
			sourceTree = "<group>";
		};
		FAF4B9EC2B28748800DB31A1 /* View */ = {
			isa = PBXGroup;
			children = (
				FACDC11E2B2CEE4700A87564 /* LocationsCollectionViewCell.swift */,
				FA89096C2B2E23C60063B0DD /* SuggestionHotelsCollectionViewCell.swift */,
			);
			path = View;
			sourceTree = "<group>";
		};
/* End PBXGroup section */

/* Begin PBXNativeTarget section */
		FAF4B9CB2B2869D100DB31A1 /* HolidayBooking */ = {
			isa = PBXNativeTarget;
			buildConfigurationList = FAF4B9E02B2869D600DB31A1 /* Build configuration list for PBXNativeTarget "HolidayBooking" */;
			buildPhases = (
				FAF4B9C82B2869D100DB31A1 /* Sources */,
				FAF4B9C92B2869D100DB31A1 /* Frameworks */,
				FAF4B9CA2B2869D100DB31A1 /* Resources */,
			);
			buildRules = (
			);
			dependencies = (
			);
			name = HolidayBooking;
			packageProductDependencies = (
				FAF4B9E42B2871BB00DB31A1 /* SDWebImage */,
			);
			productName = HolidayBooking;
			productReference = FAF4B9CC2B2869D100DB31A1 /* HolidayBooking.app */;
			productType = "com.apple.product-type.application";
		};
/* End PBXNativeTarget section */

/* Begin PBXProject section */
		FAF4B9C42B2869D100DB31A1 /* Project object */ = {
			isa = PBXProject;
			attributes = {
				BuildIndependentTargetsInParallel = 1;
				LastSwiftUpdateCheck = 1320;
				LastUpgradeCheck = 1320;
				TargetAttributes = {
					FAF4B9CB2B2869D100DB31A1 = {
						CreatedOnToolsVersion = 13.2.1;
					};
				};
			};
			buildConfigurationList = FAF4B9C72B2869D100DB31A1 /* Build configuration list for PBXProject "HolidayBooking" */;
			compatibilityVersion = "Xcode 13.0";
			developmentRegion = en;
			hasScannedForEncodings = 0;
			knownRegions = (
				en,
				Base,
			);
			mainGroup = FAF4B9C32B2869D100DB31A1;
			packageReferences = (
				FAF4B9E32B2871BB00DB31A1 /* XCRemoteSwiftPackageReference "SDWebImage" */,
			);
			productRefGroup = FAF4B9CD2B2869D100DB31A1 /* Products */;
			projectDirPath = "";
			projectRoot = "";
			targets = (
				FAF4B9CB2B2869D100DB31A1 /* HolidayBooking */,
			);
		};
/* End PBXProject section */

/* Begin PBXResourcesBuildPhase section */
		FAF4B9CA2B2869D100DB31A1 /* Resources */ = {
			isa = PBXResourcesBuildPhase;
			buildActionMask = 2147483647;
			files = (
				FAF4B9DC2B2869D600DB31A1 /* LaunchScreen.storyboard in Resources */,
				FAF4B9D92B2869D600DB31A1 /* Assets.xcassets in Resources */,
			);
			runOnlyForDeploymentPostprocessing = 0;
		};
/* End PBXResourcesBuildPhase section */

/* Begin PBXSourcesBuildPhase section */
		FAF4B9C82B2869D100DB31A1 /* Sources */ = {
			isa = PBXSourcesBuildPhase;
			buildActionMask = 2147483647;
			files = (
				FABEE2112B6C0C1D0063F18F /* GFTextField.swift in Sources */,
				FABEE20D2B6C096B0063F18F /* GFSearchBar.swift in Sources */,
				FAE0B3AD2B303C88003AB6EE /* SearchViewModel.swift in Sources */,
				FAE0B3AB2B303C71003AB6EE /* SearchViewController.swift in Sources */,
				FABEE21C2B6C141D0063F18F /* Deleted-Files.swift in Sources */,
				FABEE22E2B6C4EDF0063F18F /* UIViewController+Ext.swift in Sources */,
				FA9ADA492B2AF607002047D4 /* UIColor+Ext.swift in Sources */,
				FABEE21A2B6C0FA10063F18F /* GFTitleLabel.swift in Sources */,
				FAF4B9D42B2869D100DB31A1 /* HomeViewController.swift in Sources */,
				FABEE2252B6C422E0063F18F /* GFImageView.swift in Sources */,
				FABEE2272B6C49010063F18F /* GFAlert.swift in Sources */,
				FAF4B9D02B2869D100DB31A1 /* AppDelegate.swift in Sources */,
				FA49DDCB2B2897FA00A26EED /* NetworkManager.swift in Sources */,
				FABEE2212B6C3B470063F18F /* GFSubtitle.swift in Sources */,
				FA89096D2B2E23C60063B0DD /* SuggestionHotelsCollectionViewCell.swift in Sources */,
				FABEE22A2B6C49730063F18F /* GFContainerView.swift in Sources */,
				FA9ADA4B2B2AF9BC002047D4 /* UIView+Ext.swift in Sources */,
				FABEE2142B6C0D300063F18F /* GFDatePicker.swift in Sources */,
				FABEE22C2B6C4A260063F18F /* GFBodyLabel.swift in Sources */,
				FABEE2172B6C0E490063F18F /* GFButton.swift in Sources */,
				FACDC11F2B2CEE4700A87564 /* LocationsCollectionViewCell.swift in Sources */,
				FAF4B9D22B2869D100DB31A1 /* SceneDelegate.swift in Sources */,
				FAF4B9EE2B2875BE00DB31A1 /* HomeViewModel.swift in Sources */,
			);
			runOnlyForDeploymentPostprocessing = 0;
		};
/* End PBXSourcesBuildPhase section */

/* Begin PBXVariantGroup section */
		FAF4B9DA2B2869D600DB31A1 /* LaunchScreen.storyboard */ = {
			isa = PBXVariantGroup;
			children = (
				FAF4B9DB2B2869D600DB31A1 /* Base */,
			);
			name = LaunchScreen.storyboard;
			sourceTree = "<group>";
		};
/* End PBXVariantGroup section */

/* Begin XCBuildConfiguration section */
		FAF4B9DE2B2869D600DB31A1 /* Debug */ = {
			isa = XCBuildConfiguration;
			buildSettings = {
				ALWAYS_SEARCH_USER_PATHS = NO;
				CLANG_ANALYZER_NONNULL = YES;
				CLANG_ANALYZER_NUMBER_OBJECT_CONVERSION = YES_AGGRESSIVE;
				CLANG_CXX_LANGUAGE_STANDARD = "gnu++17";
				CLANG_CXX_LIBRARY = "libc++";
				CLANG_ENABLE_MODULES = YES;
				CLANG_ENABLE_OBJC_ARC = YES;
				CLANG_ENABLE_OBJC_WEAK = YES;
				CLANG_WARN_BLOCK_CAPTURE_AUTORELEASING = YES;
				CLANG_WARN_BOOL_CONVERSION = YES;
				CLANG_WARN_COMMA = YES;
				CLANG_WARN_CONSTANT_CONVERSION = YES;
				CLANG_WARN_DEPRECATED_OBJC_IMPLEMENTATIONS = YES;
				CLANG_WARN_DIRECT_OBJC_ISA_USAGE = YES_ERROR;
				CLANG_WARN_DOCUMENTATION_COMMENTS = YES;
				CLANG_WARN_EMPTY_BODY = YES;
				CLANG_WARN_ENUM_CONVERSION = YES;
				CLANG_WARN_INFINITE_RECURSION = YES;
				CLANG_WARN_INT_CONVERSION = YES;
				CLANG_WARN_NON_LITERAL_NULL_CONVERSION = YES;
				CLANG_WARN_OBJC_IMPLICIT_RETAIN_SELF = YES;
				CLANG_WARN_OBJC_LITERAL_CONVERSION = YES;
				CLANG_WARN_OBJC_ROOT_CLASS = YES_ERROR;
				CLANG_WARN_QUOTED_INCLUDE_IN_FRAMEWORK_HEADER = YES;
				CLANG_WARN_RANGE_LOOP_ANALYSIS = YES;
				CLANG_WARN_STRICT_PROTOTYPES = YES;
				CLANG_WARN_SUSPICIOUS_MOVE = YES;
				CLANG_WARN_UNGUARDED_AVAILABILITY = YES_AGGRESSIVE;
				CLANG_WARN_UNREACHABLE_CODE = YES;
				CLANG_WARN__DUPLICATE_METHOD_MATCH = YES;
				COPY_PHASE_STRIP = NO;
				DEBUG_INFORMATION_FORMAT = dwarf;
				ENABLE_STRICT_OBJC_MSGSEND = YES;
				ENABLE_TESTABILITY = YES;
				GCC_C_LANGUAGE_STANDARD = gnu11;
				GCC_DYNAMIC_NO_PIC = NO;
				GCC_NO_COMMON_BLOCKS = YES;
				GCC_OPTIMIZATION_LEVEL = 0;
				GCC_PREPROCESSOR_DEFINITIONS = (
					"DEBUG=1",
					"$(inherited)",
				);
				GCC_WARN_64_TO_32_BIT_CONVERSION = YES;
				GCC_WARN_ABOUT_RETURN_TYPE = YES_ERROR;
				GCC_WARN_UNDECLARED_SELECTOR = YES;
				GCC_WARN_UNINITIALIZED_AUTOS = YES_AGGRESSIVE;
				GCC_WARN_UNUSED_FUNCTION = YES;
				GCC_WARN_UNUSED_VARIABLE = YES;
				IPHONEOS_DEPLOYMENT_TARGET = 15.2;
				MTL_ENABLE_DEBUG_INFO = INCLUDE_SOURCE;
				MTL_FAST_MATH = YES;
				ONLY_ACTIVE_ARCH = YES;
				SDKROOT = iphoneos;
				SWIFT_ACTIVE_COMPILATION_CONDITIONS = DEBUG;
				SWIFT_OPTIMIZATION_LEVEL = "-Onone";
			};
			name = Debug;
		};
		FAF4B9DF2B2869D600DB31A1 /* Release */ = {
			isa = XCBuildConfiguration;
			buildSettings = {
				ALWAYS_SEARCH_USER_PATHS = NO;
				CLANG_ANALYZER_NONNULL = YES;
				CLANG_ANALYZER_NUMBER_OBJECT_CONVERSION = YES_AGGRESSIVE;
				CLANG_CXX_LANGUAGE_STANDARD = "gnu++17";
				CLANG_CXX_LIBRARY = "libc++";
				CLANG_ENABLE_MODULES = YES;
				CLANG_ENABLE_OBJC_ARC = YES;
				CLANG_ENABLE_OBJC_WEAK = YES;
				CLANG_WARN_BLOCK_CAPTURE_AUTORELEASING = YES;
				CLANG_WARN_BOOL_CONVERSION = YES;
				CLANG_WARN_COMMA = YES;
				CLANG_WARN_CONSTANT_CONVERSION = YES;
				CLANG_WARN_DEPRECATED_OBJC_IMPLEMENTATIONS = YES;
				CLANG_WARN_DIRECT_OBJC_ISA_USAGE = YES_ERROR;
				CLANG_WARN_DOCUMENTATION_COMMENTS = YES;
				CLANG_WARN_EMPTY_BODY = YES;
				CLANG_WARN_ENUM_CONVERSION = YES;
				CLANG_WARN_INFINITE_RECURSION = YES;
				CLANG_WARN_INT_CONVERSION = YES;
				CLANG_WARN_NON_LITERAL_NULL_CONVERSION = YES;
				CLANG_WARN_OBJC_IMPLICIT_RETAIN_SELF = YES;
				CLANG_WARN_OBJC_LITERAL_CONVERSION = YES;
				CLANG_WARN_OBJC_ROOT_CLASS = YES_ERROR;
				CLANG_WARN_QUOTED_INCLUDE_IN_FRAMEWORK_HEADER = YES;
				CLANG_WARN_RANGE_LOOP_ANALYSIS = YES;
				CLANG_WARN_STRICT_PROTOTYPES = YES;
				CLANG_WARN_SUSPICIOUS_MOVE = YES;
				CLANG_WARN_UNGUARDED_AVAILABILITY = YES_AGGRESSIVE;
				CLANG_WARN_UNREACHABLE_CODE = YES;
				CLANG_WARN__DUPLICATE_METHOD_MATCH = YES;
				COPY_PHASE_STRIP = NO;
				DEBUG_INFORMATION_FORMAT = "dwarf-with-dsym";
				ENABLE_NS_ASSERTIONS = NO;
				ENABLE_STRICT_OBJC_MSGSEND = YES;
				GCC_C_LANGUAGE_STANDARD = gnu11;
				GCC_NO_COMMON_BLOCKS = YES;
				GCC_WARN_64_TO_32_BIT_CONVERSION = YES;
				GCC_WARN_ABOUT_RETURN_TYPE = YES_ERROR;
				GCC_WARN_UNDECLARED_SELECTOR = YES;
				GCC_WARN_UNINITIALIZED_AUTOS = YES_AGGRESSIVE;
				GCC_WARN_UNUSED_FUNCTION = YES;
				GCC_WARN_UNUSED_VARIABLE = YES;
				IPHONEOS_DEPLOYMENT_TARGET = 15.2;
				MTL_ENABLE_DEBUG_INFO = NO;
				MTL_FAST_MATH = YES;
				SDKROOT = iphoneos;
				SWIFT_COMPILATION_MODE = wholemodule;
				SWIFT_OPTIMIZATION_LEVEL = "-O";
				VALIDATE_PRODUCT = YES;
			};
			name = Release;
		};
		FAF4B9E12B2869D600DB31A1 /* Debug */ = {
			isa = XCBuildConfiguration;
			buildSettings = {
				ASSETCATALOG_COMPILER_APPICON_NAME = AppIcon;
				ASSETCATALOG_COMPILER_GLOBAL_ACCENT_COLOR_NAME = AccentColor;
				CODE_SIGN_STYLE = Automatic;
				CURRENT_PROJECT_VERSION = 1;
				GENERATE_INFOPLIST_FILE = YES;
				INFOPLIST_FILE = HolidayBooking/Info.plist;
				INFOPLIST_KEY_UIApplicationSupportsIndirectInputEvents = YES;
				INFOPLIST_KEY_UILaunchStoryboardName = LaunchScreen;
				INFOPLIST_KEY_UISupportedInterfaceOrientations = UIInterfaceOrientationPortrait;
				INFOPLIST_KEY_UISupportedInterfaceOrientations_iPad = "UIInterfaceOrientationPortrait UIInterfaceOrientationPortraitUpsideDown UIInterfaceOrientationLandscapeLeft UIInterfaceOrientationLandscapeRight";
				INFOPLIST_KEY_UISupportedInterfaceOrientations_iPhone = "UIInterfaceOrientationPortrait UIInterfaceOrientationLandscapeLeft UIInterfaceOrientationLandscapeRight";
				LD_RUNPATH_SEARCH_PATHS = (
					"$(inherited)",
					"@executable_path/Frameworks",
				);
				MARKETING_VERSION = 1.0;
				PRODUCT_BUNDLE_IDENTIFIER = "Guncel-ALDEMIR.HolidayBooking";
				PRODUCT_NAME = "$(TARGET_NAME)";
				SWIFT_EMIT_LOC_STRINGS = YES;
				SWIFT_VERSION = 5.0;
				TARGETED_DEVICE_FAMILY = "1,2";
			};
			name = Debug;
		};
		FAF4B9E22B2869D600DB31A1 /* Release */ = {
			isa = XCBuildConfiguration;
			buildSettings = {
				ASSETCATALOG_COMPILER_APPICON_NAME = AppIcon;
				ASSETCATALOG_COMPILER_GLOBAL_ACCENT_COLOR_NAME = AccentColor;
				CODE_SIGN_STYLE = Automatic;
				CURRENT_PROJECT_VERSION = 1;
				GENERATE_INFOPLIST_FILE = YES;
				INFOPLIST_FILE = HolidayBooking/Info.plist;
				INFOPLIST_KEY_UIApplicationSupportsIndirectInputEvents = YES;
				INFOPLIST_KEY_UILaunchStoryboardName = LaunchScreen;
				INFOPLIST_KEY_UISupportedInterfaceOrientations = UIInterfaceOrientationPortrait;
				INFOPLIST_KEY_UISupportedInterfaceOrientations_iPad = "UIInterfaceOrientationPortrait UIInterfaceOrientationPortraitUpsideDown UIInterfaceOrientationLandscapeLeft UIInterfaceOrientationLandscapeRight";
				INFOPLIST_KEY_UISupportedInterfaceOrientations_iPhone = "UIInterfaceOrientationPortrait UIInterfaceOrientationLandscapeLeft UIInterfaceOrientationLandscapeRight";
				LD_RUNPATH_SEARCH_PATHS = (
					"$(inherited)",
					"@executable_path/Frameworks",
				);
				MARKETING_VERSION = 1.0;
				PRODUCT_BUNDLE_IDENTIFIER = "Guncel-ALDEMIR.HolidayBooking";
				PRODUCT_NAME = "$(TARGET_NAME)";
				SWIFT_EMIT_LOC_STRINGS = YES;
				SWIFT_VERSION = 5.0;
				TARGETED_DEVICE_FAMILY = "1,2";
			};
			name = Release;
		};
/* End XCBuildConfiguration section */

/* Begin XCConfigurationList section */
		FAF4B9C72B2869D100DB31A1 /* Build configuration list for PBXProject "HolidayBooking" */ = {
			isa = XCConfigurationList;
			buildConfigurations = (
				FAF4B9DE2B2869D600DB31A1 /* Debug */,
				FAF4B9DF2B2869D600DB31A1 /* Release */,
			);
			defaultConfigurationIsVisible = 0;
			defaultConfigurationName = Release;
		};
		FAF4B9E02B2869D600DB31A1 /* Build configuration list for PBXNativeTarget "HolidayBooking" */ = {
			isa = XCConfigurationList;
			buildConfigurations = (
				FAF4B9E12B2869D600DB31A1 /* Debug */,
				FAF4B9E22B2869D600DB31A1 /* Release */,
			);
			defaultConfigurationIsVisible = 0;
			defaultConfigurationName = Release;
		};
/* End XCConfigurationList section */

/* Begin XCRemoteSwiftPackageReference section */
		FAF4B9E32B2871BB00DB31A1 /* XCRemoteSwiftPackageReference "SDWebImage" */ = {
			isa = XCRemoteSwiftPackageReference;
			repositoryURL = "https://github.com/SDWebImage/SDWebImage.git";
			requirement = {
				kind = upToNextMajorVersion;
				minimumVersion = 5.0.0;
			};
		};
/* End XCRemoteSwiftPackageReference section */

/* Begin XCSwiftPackageProductDependency section */
		FAF4B9E42B2871BB00DB31A1 /* SDWebImage */ = {
			isa = XCSwiftPackageProductDependency;
			package = FAF4B9E32B2871BB00DB31A1 /* XCRemoteSwiftPackageReference "SDWebImage" */;
			productName = SDWebImage;
		};
/* End XCSwiftPackageProductDependency section */
	};
	rootObject = FAF4B9C42B2869D100DB31A1 /* Project object */;
}
